
Microsoft Visual Studio Solution File, Format Version 12.00
# Visual Studio Version 16
VisualStudioVersion = 16.0.30907.101
MinimumVisualStudioVersion = 10.0.40219.1
Project("{FAE04EC0-301F-11D3-BF4B-00C04F79EFBC}") = "ScanUtil", "ScanUtil\ScanUtil.csproj", "{C06D64A0-14DB-4B35-8882-C97C799512D1}"
EndProject
Global
	GlobalSection(SolutionConfigurationPlatforms) = preSolution
		Debug|Any CPU = Debug|Any CPU
		Release|Any CPU = Release|Any CPU
	EndGlobalSection
	GlobalSection(ProjectConfigurationPlatforms) = postSolution
		{C06D64A0-14DB-4B35-8882-C97C799512D1}.Debug|Any CPU.ActiveCfg = Debug|Any CPU
		{C06D64A0-14DB-4B35-8882-C97C799512D1}.Debug|Any CPU.Build.0 = Debug|Any CPU
		{C06D64A0-14DB-4B35-8882-C97C799512D1}.Release|Any CPU.ActiveCfg = Release|Any CPU
		{C06D64A0-14DB-4B35-8882-C97C799512D1}.Release|Any CPU.Build.0 = Release|Any CPU
	EndGlobalSection
	GlobalSection(SolutionProperties) = preSolution
		HideSolutionNode = FALSE
	EndGlobalSection
	GlobalSection(ExtensibilityGlobals) = postSolution
		SolutionGuid = {7040DAA6-E48D-40D8-AAE5-C9AB3569C9DA}
	EndGlobalSection
EndGlobal
